
Microsoft Visual Studio Solution File, Format Version 12.00
# Visual Studio Version 17
VisualStudioVersion = 17.8.34330.188
MinimumVisualStudioVersion = 10.0.40219.1
Project("{9A19103F-16F7-4668-BE54-9A1E7A4F7556}") = "OpenSub.NET", "OpenSub.NET.csproj", "{38216E1A-9527-49A3-8BBD-885D7154DC7A}"
EndProject
Global
	GlobalSection(SolutionConfigurationPlatforms) = preSolution
		Debug|Any CPU = Debug|Any CPU
		Release|Any CPU = Release|Any CPU
	EndGlobalSection
	GlobalSection(ProjectConfigurationPlatforms) = postSolution
		{38216E1A-9527-49A3-8BBD-885D7154DC7A}.Debug|Any CPU.ActiveCfg = Debug|Any CPU
		{38216E1A-9527-49A3-8BBD-885D7154DC7A}.Debug|Any CPU.Build.0 = Debug|Any CPU
		{38216E1A-9527-49A3-8BBD-885D7154DC7A}.Release|Any CPU.ActiveCfg = Release|Any CPU
		{38216E1A-9527-49A3-8BBD-885D7154DC7A}.Release|Any CPU.Build.0 = Release|Any CPU
	EndGlobalSection
	GlobalSection(SolutionProperties) = preSolution
		HideSolutionNode = FALSE
	EndGlobalSection
	GlobalSection(ExtensibilityGlobals) = postSolution
		SolutionGuid = {1CCE1AED-837A-418B-8208-6A66F1D35CEE}
	EndGlobalSection
EndGlobal
